
Microsoft Visual Studio Solution File, Format Version 12.00
# Visual Studio Version 16
VisualStudioVersion = 25.0.1700.0
MinimumVisualStudioVersion = 10.0.40219.1
Project("{FAE04EC0-301F-11D3-BF4B-00C04F79EFBC}") = "csharp_it", "csharp_it\csharp_it.csproj", "{59CBBE36-E99A-45AD-912E-934F5B6FC527}"
EndProject
Project("{2150E333-8FDC-42A3-9474-1A3956D46DE8}") = "Элементы решения", "Элементы решения", "{9368E2DE-0271-4FC1-8560-B12424A509B4}"
	ProjectSection(SolutionItems) = preProject
		.editorconfig = .editorconfig
	EndProjectSection
EndProject
Global
	GlobalSection(SolutionConfigurationPlatforms) = preSolution
		Debug|Any CPU = Debug|Any CPU
		Release|Any CPU = Release|Any CPU
	EndGlobalSection
	GlobalSection(ProjectConfigurationPlatforms) = postSolution
		{59CBBE36-E99A-45AD-912E-934F5B6FC527}.Debug|Any CPU.ActiveCfg = Debug|Any CPU
		{59CBBE36-E99A-45AD-912E-934F5B6FC527}.Debug|Any CPU.Build.0 = Debug|Any CPU
		{59CBBE36-E99A-45AD-912E-934F5B6FC527}.Release|Any CPU.ActiveCfg = Release|Any CPU
		{59CBBE36-E99A-45AD-912E-934F5B6FC527}.Release|Any CPU.Build.0 = Release|Any CPU
	EndGlobalSection
	GlobalSection(SolutionProperties) = preSolution
		HideSolutionNode = FALSE
	EndGlobalSection
	GlobalSection(ExtensibilityGlobals) = postSolution
		SolutionGuid = {90016735-1251-47A5-AD0C-3F6EF006B6E1}
	EndGlobalSection
EndGlobal
